
Microsoft Visual Studio Solution File, Format Version 12.00
# Visual Studio Version 17
VisualStudioVersion = 17.13.35806.99 d17.13
MinimumVisualStudioVersion = 10.0.40219.1
Project("{FAE04EC0-301F-11D3-BF4B-00C04F79EFBC}") = "01-LINQ", "01-LINQ\01-LINQ.csproj", "{C02CE32F-D523-4B99-8775-F40AF023BA45}"
EndProject
Global
	GlobalSection(SolutionConfigurationPlatforms) = preSolution
		Debug|Any CPU = Debug|Any CPU
		Release|Any CPU = Release|Any CPU
	EndGlobalSection
	GlobalSection(ProjectConfigurationPlatforms) = postSolution
		{C02CE32F-D523-4B99-8775-F40AF023BA45}.Debug|Any CPU.ActiveCfg = Debug|Any CPU
		{C02CE32F-D523-4B99-8775-F40AF023BA45}.Debug|Any CPU.Build.0 = Debug|Any CPU
		{C02CE32F-D523-4B99-8775-F40AF023BA45}.Release|Any CPU.ActiveCfg = Release|Any CPU
		{C02CE32F-D523-4B99-8775-F40AF023BA45}.Release|Any CPU.Build.0 = Release|Any CPU
	EndGlobalSection
	GlobalSection(SolutionProperties) = preSolution
		HideSolutionNode = FALSE
	EndGlobalSection
	GlobalSection(ExtensibilityGlobals) = postSolution
		SolutionGuid = {BE4FCF6E-5B57-490A-801C-12D2812D8D25}
	EndGlobalSection
EndGlobal
